lockfileVersion: '9.0'

settings:
  autoInstallPeers: true
  excludeLinksFromLockfile: false

importers:

  .:
    devDependencies:
      '@playwright/test':
        specifier: ^1.57.0
        version: 1.57.0
      '@types/node':
        specifier: ^25.0.2
        version: 25.0.2
      happy-dom:
        specifier: ^20.0.11
        version: 20.0.11

packages:

  '@playwright/test@1.57.0':
    resolution: {integrity: sha512-6TyEnHgd6SArQO8UO2OMTxshln3QMWBtPGrOCgs3wVEmQmwyuNtB10IZMfmYDE0riwNR1cu4q+pPcxMVtaG3TA==}
    engines: {node: '>=18'}
    hasBin: true

  '@types/node@20.19.27':
    resolution: {integrity: sha512-N2clP5pJhB2YnZJ3PIHFk5RkygRX5WO/5f0WC08tp0wd+sv0rsJk3MqWn3CbNmT2J505a5336jaQj4ph1AdMug==}

  '@types/node@25.0.2':
    resolution: {integrity: sha512-gWEkeiyYE4vqjON/+Obqcoeffmk0NF15WSBwSs7zwVA2bAbTaE0SJ7P0WNGoJn8uE7fiaV5a7dKYIJriEqOrmA==}

  '@types/whatwg-mimetype@3.0.2':
    resolution: {integrity: sha512-c2AKvDT8ToxLIOUlN51gTiHXflsfIFisS4pO7pDPoKouJCESkhZnEy623gwP9laCy5lnLDAw1vAzu2vM2YLOrA==}

  fsevents@2.3.2:
    resolution: {integrity: sha512-xiqMQR4xAeHTuB9uWm+fFRcIOgKBMiOBP+eXiyT7jsgVCq1bkVygt00oASowB7EdtpOHaaPgKt812P9ab+DDKA==}
    engines: {node: ^8.16.0 || ^10.6.0 || >=11.0.0}
    os: [darwin]

  happy-dom@20.0.11:
    resolution: {integrity: sha512-QsCdAUHAmiDeKeaNojb1OHOPF7NjcWPBR7obdu3NwH2a/oyQaLg5d0aaCy/9My6CdPChYF07dvz5chaXBGaD4g==}
    engines: {node: '>=20.0.0'}

  playwright-core@1.57.0:
    resolution: {integrity: sha512-agTcKlMw/mjBWOnD6kFZttAAGHgi/Nw0CZ2o6JqWSbMlI219lAFLZZCyqByTsvVAJq5XA5H8cA6PrvBRpBWEuQ==}
    engines: {node: '>=18'}
    hasBin: true

  playwright@1.57.0:
    resolution: {integrity: sha512-ilYQj1s8sr2ppEJ2YVadYBN0Mb3mdo9J0wQ+UuDhzYqURwSoW4n1Xs5vs7ORwgDGmyEh33tRMeS8KhdkMoLXQw==}
    engines: {node: '>=18'}
    hasBin: true

  undici-types@6.21.0:
    resolution: {integrity: sha512-iwDZqg0QAGrg9Rav5H4n0M64c3mkR59cJ6wQp+7C4nI0gsmExaedaYLNO44eT4AtBBwjbTiGPMlt2Md0T9H9JQ==}

  undici-types@7.16.0:
    resolution: {integrity: sha512-Zz+aZWSj8LE6zoxD+xrjh4VfkIG8Ya6LvYkZqtUQGJPZjYl53ypCaUwWqo7eI0x66KBGeRo+mlBEkMSeSZ38Nw==}

  whatwg-mimetype@3.0.0:
    resolution: {integrity: sha512-nt+N2dzIutVRxARx1nghPKGv1xHikU7HKdfafKkLNLindmPU/ch3U31NOCGGA/dmPcmb1VlofO0vnKAcsm0o/Q==}
    engines: {node: '>=12'}

snapshots:

  '@playwright/test@1.57.0':
    dependencies:
      playwright: 1.57.0

  '@types/node@20.19.27':
    dependencies:
      undici-types: 6.21.0

  '@types/node@25.0.2':
    dependencies:
      undici-types: 7.16.0

  '@types/whatwg-mimetype@3.0.2': {}

  fsevents@2.3.2:
    optional: true

  happy-dom@20.0.11:
    dependencies:
      '@types/node': 20.19.27
      '@types/whatwg-mimetype': 3.0.2
      whatwg-mimetype: 3.0.0

  playwright-core@1.57.0: {}

  playwright@1.57.0:
    dependencies:
      playwright-core: 1.57.0
    optionalDependencies:
      fsevents: 2.3.2

  undici-types@6.21.0: {}

  undici-types@7.16.0: {}

  whatwg-mimetype@3.0.0: {}
